
Microsoft Visual Studio Solution File, Format Version 12.00
# Visual Studio Version 16
VisualStudioVersion = 16.0.28803.352
MinimumVisualStudioVersion = 10.0.40219.1
Project("{FAE04EC0-301F-11D3-BF4B-00C04F79EFBC}") = "PdfSplitter", "PdfSplitter\PdfSplitter.csproj", "{EA213653-70AC-482E-A0FC-D1719879F81A}"
EndProject
Global
	GlobalSection(SolutionConfigurationPlatforms) = preSolution
		Debug|Any CPU = Debug|Any CPU
		Release|Any CPU = Release|Any CPU
	EndGlobalSection
	GlobalSection(ProjectConfigurationPlatforms) = postSolution
		{EA213653-70AC-482E-A0FC-D1719879F81A}.Debug|Any CPU.ActiveCfg = Debug|Any CPU
		{EA213653-70AC-482E-A0FC-D1719879F81A}.Debug|Any CPU.Build.0 = Debug|Any CPU
		{EA213653-70AC-482E-A0FC-D1719879F81A}.Release|Any CPU.ActiveCfg = Release|Any CPU
		{EA213653-70AC-482E-A0FC-D1719879F81A}.Release|Any CPU.Build.0 = Release|Any CPU
	EndGlobalSection
	GlobalSection(SolutionProperties) = preSolution
		HideSolutionNode = FALSE
	EndGlobalSection
	GlobalSection(ExtensibilityGlobals) = postSolution
		SolutionGuid = {419C12FB-65F7-491E-BF4B-331923F4B692}
	EndGlobalSection
EndGlobal
